Microsoft Visual Studio Solution File, Format Version 12.00
# Visual Studio Version 17
VisualStudioVersion = 17.5.2.0
MinimumVisualStudioVersion = 10.0.40219.1
Project("{FAE04EC0-301F-11D3-BF4B-00C04F79EFBC}") = "holex-api", "holex-api.csproj", "{8D5D2E96-2358-D615-3D02-8EB7B5049117}"
EndProject
Global
	GlobalSection(SolutionConfigurationPlatforms) = preSolution
		Debug|Any CPU = Debug|Any CPU
		Release|Any CPU = Release|Any CPU
	EndGlobalSection
	GlobalSection(ProjectConfigurationPlatforms) = postSolution
		{8D5D2E96-2358-D615-3D02-8EB7B5049117}.Debug|Any CPU.ActiveCfg = Debug|Any CPU
		{8D5D2E96-2358-D615-3D02-8EB7B5049117}.Debug|Any CPU.Build.0 = Debug|Any CPU
		{8D5D2E96-2358-D615-3D02-8EB7B5049117}.Release|Any CPU.ActiveCfg = Release|Any CPU
		{8D5D2E96-2358-D615-3D02-8EB7B5049117}.Release|Any CPU.Build.0 = Release|Any CPU
	EndGlobalSection
	GlobalSection(SolutionProperties) = preSolution
		HideSolutionNode = FALSE
	EndGlobalSection
	GlobalSection(ExtensibilityGlobals) = postSolution
		SolutionGuid = {57A90982-B30A-478A-80C9-A6A021CC53AE}
	EndGlobalSection
EndGlobal
